{
  "nodes": {
    "nixpkgs": {
      "locked": {
        "lastModified": 1710838473,
        "narHash": "sha256-RLvwdQSENKOaLdKhNie8XqHmTXzNm00/M/THj6zplQo=",
        "owner": "nixos",
        "repo": "nixpkgs",
        "rev": "fa9f817df522ac294016af3d40ccff82f5fd3a63",
        "type": "github"
      },
      "original": {
        "owner": "nixos",
        "ref": "nixos-23.11",
        "repo": "nixpkgs",
        "type": "github"
      }
    },
    "root": {
      "inputs": {
        "nixpkgs": "nixpkgs"
      }
    }
  },
  "root": "root",
  "version": 7
}
